
Microsoft Visual Studio Solution File, Format Version 12.00
# Visual Studio 15
VisualStudioVersion = 15.0.28010.0
MinimumVisualStudioVersion = 10.0.40219.1
Project("{2150E333-8FDC-42A3-9474-1A3956D46DE8}") = "src", "src", "{D366C3A8-A6AE-4AFE-92EC-BB420E9A186C}"
EndProject
Project("{2150E333-8FDC-42A3-9474-1A3956D46DE8}") = "test", "test", "{6F1A4BEC-CEB6-4F5F-B190-7DCC95C77003}"
EndProject
Project("{9A19103F-16F7-4668-BE54-9A1E7A4F7556}") = "Ocelot.Security.AuthorizationToken.EntityFramework", "src\Ocelot.Security.AuthorizationToken.EntityFramework\Ocelot.Security.AuthorizationToken.EntityFramework.csproj", "{BA72DA62-4B6E-42CE-8794-6BE052C7704E}"
EndProject
Global
	GlobalSection(SolutionConfigurationPlatforms) = preSolution
		Debug|Any CPU = Debug|Any CPU
		Release|Any CPU = Release|Any CPU
	EndGlobalSection
	GlobalSection(ProjectConfigurationPlatforms) = postSolution
		{BA72DA62-4B6E-42CE-8794-6BE052C7704E}.Debug|Any CPU.ActiveCfg = Debug|Any CPU
		{BA72DA62-4B6E-42CE-8794-6BE052C7704E}.Debug|Any CPU.Build.0 = Debug|Any CPU
		{BA72DA62-4B6E-42CE-8794-6BE052C7704E}.Release|Any CPU.ActiveCfg = Release|Any CPU
		{BA72DA62-4B6E-42CE-8794-6BE052C7704E}.Release|Any CPU.Build.0 = Release|Any CPU
	EndGlobalSection
	GlobalSection(SolutionProperties) = preSolution
		HideSolutionNode = FALSE
	EndGlobalSection
	GlobalSection(NestedProjects) = preSolution
		{BA72DA62-4B6E-42CE-8794-6BE052C7704E} = {D366C3A8-A6AE-4AFE-92EC-BB420E9A186C}
	EndGlobalSection
	GlobalSection(ExtensibilityGlobals) = postSolution
		SolutionGuid = {441AF502-A9F4-4405-BEE9-E99A4CB3694D}
	EndGlobalSection
EndGlobal
